
Microsoft Visual Studio Solution File, Format Version 12.00
# Visual Studio Version 16
VisualStudioVersion = 16.0.31624.102
MinimumVisualStudioVersion = 10.0.40219.1
Project("{FAE04EC0-301F-11D3-BF4B-00C04F79EFBC}") = "ExpressDeliveryService", "ExpressDeliveryService\ExpressDeliveryService.csproj", "{A29AC08D-CC94-44D6-A865-D638030FDF33}"
EndProject
Global
	GlobalSection(SolutionConfigurationPlatforms) = preSolution
		Debug|Any CPU = Debug|Any CPU
		Release|Any CPU = Release|Any CPU
	EndGlobalSection
	GlobalSection(ProjectConfigurationPlatforms) = postSolution
		{A29AC08D-CC94-44D6-A865-D638030FDF33}.Debug|Any CPU.ActiveCfg = Debug|Any CPU
		{A29AC08D-CC94-44D6-A865-D638030FDF33}.Debug|Any CPU.Build.0 = Debug|Any CPU
		{A29AC08D-CC94-44D6-A865-D638030FDF33}.Release|Any CPU.ActiveCfg = Release|Any CPU
		{A29AC08D-CC94-44D6-A865-D638030FDF33}.Release|Any CPU.Build.0 = Release|Any CPU
	EndGlobalSection
	GlobalSection(SolutionProperties) = preSolution
		HideSolutionNode = FALSE
	EndGlobalSection
	GlobalSection(ExtensibilityGlobals) = postSolution
		SolutionGuid = {3E4D8450-455D-4D00-BBCD-33127E6B2229}
	EndGlobalSection
EndGlobal
